
Microsoft Visual Studio Solution File, Format Version 12.00
# Visual Studio Version 17
VisualStudioVersion = 17.1.32210.238
MinimumVisualStudioVersion = 10.0.40219.1
Project("{2150E333-8FDC-42A3-9474-1A3956D46DE8}") = "Services", "Services", "{4FE50265-AC40-4876-B550-583D3A777B53}"
EndProject
Project("{2150E333-8FDC-42A3-9474-1A3956D46DE8}") = "Catalog", "Catalog", "{B4E9D4E5-310F-4E49-964E-141007CFDCC1}"
EndProject
Project("{9A19103F-16F7-4668-BE54-9A1E7A4F7556}") = "Catalog.API", "Services\Catalog\Catalog.API\Catalog.API.csproj", "{88DE2185-9C4E-4727-9A63-51B62A57FB08}"
EndProject
Project("{E53339B2-1760-4266-BCC7-CA923CBCF16C}") = "docker-compose", "docker-compose.dcproj", "{B5D5044B-D36A-41CE-B443-CD85504CDA7B}"
EndProject
Project("{2150E333-8FDC-42A3-9474-1A3956D46DE8}") = "Basket", "Basket", "{BEDD69A7-7C14-4AD4-9215-BE2230FC23A2}"
EndProject
Project("{9A19103F-16F7-4668-BE54-9A1E7A4F7556}") = "Basket.API", "Services\Basket\Basket.API\Basket.API.csproj", "{0AF7D668-CF51-490D-8444-05AF27D05EE4}"
EndProject
Project("{2150E333-8FDC-42A3-9474-1A3956D46DE8}") = "Discount", "Discount", "{10687B0E-25CE-492E-BE52-E88939C9602F}"
EndProject
Project("{9A19103F-16F7-4668-BE54-9A1E7A4F7556}") = "Discount.API", "Services\Discount\Discount.API\Discount.API.csproj", "{8FC04DAA-F757-4722-84B2-220E5DD01764}"
EndProject
Project("{9A19103F-16F7-4668-BE54-9A1E7A4F7556}") = "Discount.Grpc", "Services\Discount\Discount.Grpc\Discount.Grpc.csproj", "{05D4E6C2-C375-4409-ABF5-77DFB363F181}"
EndProject
Project("{2150E333-8FDC-42A3-9474-1A3956D46DE8}") = "Ordering", "Ordering", "{BF17B386-9BDE-48FE-9C5E-3BE358B3F0C8}"
EndProject
Project("{9A19103F-16F7-4668-BE54-9A1E7A4F7556}") = "Ordering.API", "Services\Ordering\Ordering.API\Ordering.API.csproj", "{AE5A76E2-E78D-428D-A07E-C2FA7BA1D671}"
EndProject
Project("{9A19103F-16F7-4668-BE54-9A1E7A4F7556}") = "Ordering.Domain", "Services\Ordering\Ordering.Domain\Ordering.Domain.csproj", "{9963DBF2-B876-420A-9E18-E203AD5F8887}"
EndProject
Project("{9A19103F-16F7-4668-BE54-9A1E7A4F7556}") = "Ordering.Application", "Services\Ordering\Ordering.Application\Ordering.Application.csproj", "{48D417EA-9D04-462F-891E-EA3773103AB2}"
EndProject
Project("{9A19103F-16F7-4668-BE54-9A1E7A4F7556}") = "Ordering.Infrastructure", "Services\Ordering\Ordering.Infrastructure\Ordering.Infrastructure.csproj", "{D1788B5E-5CF3-4F0D-A9A0-6514FF5486E8}"
EndProject
Project("{2150E333-8FDC-42A3-9474-1A3956D46DE8}") = "BuildingBlocks", "BuildingBlocks", "{3EC08281-AE7C-4039-BC0F-98C5082FD780}"
EndProject
Project("{FAE04EC0-301F-11D3-BF4B-00C04F79EFBC}") = "EventBus.Messages", "BuildingBlocks\EventBus.Messages\EventBus.Messages.csproj", "{97588A26-1952-466A-8C95-1BF20CF1F0E3}"
EndProject
Project("{2150E333-8FDC-42A3-9474-1A3956D46DE8}") = "ApiGateways", "ApiGateways", "{436F9874-7E9E-45E8-9559-514289DC8F53}"
EndProject
Project("{FAE04EC0-301F-11D3-BF4B-00C04F79EFBC}") = "OcelotApiGw", "ApiGateways\OcelotApiGw\OcelotApiGw.csproj", "{4CF2A10C-2C80-43C0-AAA2-F108569102C9}"
EndProject
Global
	GlobalSection(SolutionConfigurationPlatforms) = preSolution
		Debug|Any CPU = Debug|Any CPU
		Release|Any CPU = Release|Any CPU
	EndGlobalSection
	GlobalSection(ProjectConfigurationPlatforms) = postSolution
		{88DE2185-9C4E-4727-9A63-51B62A57FB08}.Debug|Any CPU.ActiveCfg = Debug|Any CPU
		{88DE2185-9C4E-4727-9A63-51B62A57FB08}.Debug|Any CPU.Build.0 = Debug|Any CPU
		{88DE2185-9C4E-4727-9A63-51B62A57FB08}.Release|Any CPU.ActiveCfg = Release|Any CPU
		{88DE2185-9C4E-4727-9A63-51B62A57FB08}.Release|Any CPU.Build.0 = Release|Any CPU
		{B5D5044B-D36A-41CE-B443-CD85504CDA7B}.Debug|Any CPU.ActiveCfg = Debug|Any CPU
		{B5D5044B-D36A-41CE-B443-CD85504CDA7B}.Debug|Any CPU.Build.0 = Debug|Any CPU
		{B5D5044B-D36A-41CE-B443-CD85504CDA7B}.Release|Any CPU.ActiveCfg = Release|Any CPU
		{B5D5044B-D36A-41CE-B443-CD85504CDA7B}.Release|Any CPU.Build.0 = Release|Any CPU
		{0AF7D668-CF51-490D-8444-05AF27D05EE4}.Debug|Any CPU.ActiveCfg = Debug|Any CPU
		{0AF7D668-CF51-490D-8444-05AF27D05EE4}.Debug|Any CPU.Build.0 = Debug|Any CPU
		{0AF7D668-CF51-490D-8444-05AF27D05EE4}.Release|Any CPU.ActiveCfg = Release|Any CPU
		{0AF7D668-CF51-490D-8444-05AF27D05EE4}.Release|Any CPU.Build.0 = Release|Any CPU
		{8FC04DAA-F757-4722-84B2-220E5DD01764}.Debug|Any CPU.ActiveCfg = Debug|Any CPU
		{8FC04DAA-F757-4722-84B2-220E5DD01764}.Debug|Any CPU.Build.0 = Debug|Any CPU
		{8FC04DAA-F757-4722-84B2-220E5DD01764}.Release|Any CPU.ActiveCfg = Release|Any CPU
		{8FC04DAA-F757-4722-84B2-220E5DD01764}.Release|Any CPU.Build.0 = Release|Any CPU
		{05D4E6C2-C375-4409-ABF5-77DFB363F181}.Debug|Any CPU.ActiveCfg = Debug|Any CPU
		{05D4E6C2-C375-4409-ABF5-77DFB363F181}.Debug|Any CPU.Build.0 = Debug|Any CPU
		{05D4E6C2-C375-4409-ABF5-77DFB363F181}.Release|Any CPU.ActiveCfg = Release|Any CPU
		{05D4E6C2-C375-4409-ABF5-77DFB363F181}.Release|Any CPU.Build.0 = Release|Any CPU
		{AE5A76E2-E78D-428D-A07E-C2FA7BA1D671}.Debug|Any CPU.ActiveCfg = Debug|Any CPU
		{AE5A76E2-E78D-428D-A07E-C2FA7BA1D671}.Debug|Any CPU.Build.0 = Debug|Any CPU
		{AE5A76E2-E78D-428D-A07E-C2FA7BA1D671}.Release|Any CPU.ActiveCfg = Release|Any CPU
		{AE5A76E2-E78D-428D-A07E-C2FA7BA1D671}.Release|Any CPU.Build.0 = Release|Any CPU
		{9963DBF2-B876-420A-9E18-E203AD5F8887}.Debug|Any CPU.ActiveCfg = Debug|Any CPU
		{9963DBF2-B876-420A-9E18-E203AD5F8887}.Debug|Any CPU.Build.0 = Debug|Any CPU
		{9963DBF2-B876-420A-9E18-E203AD5F8887}.Release|Any CPU.ActiveCfg = Release|Any CPU
		{9963DBF2-B876-420A-9E18-E203AD5F8887}.Release|Any CPU.Build.0 = Release|Any CPU
		{48D417EA-9D04-462F-891E-EA3773103AB2}.Debug|Any CPU.ActiveCfg = Debug|Any CPU
		{48D417EA-9D04-462F-891E-EA3773103AB2}.Debug|Any CPU.Build.0 = Debug|Any CPU
		{48D417EA-9D04-462F-891E-EA3773103AB2}.Release|Any CPU.ActiveCfg = Release|Any CPU
		{48D417EA-9D04-462F-891E-EA3773103AB2}.Release|Any CPU.Build.0 = Release|Any CPU
		{D1788B5E-5CF3-4F0D-A9A0-6514FF5486E8}.Debug|Any CPU.ActiveCfg = Debug|Any CPU
		{D1788B5E-5CF3-4F0D-A9A0-6514FF5486E8}.Debug|Any CPU.Build.0 = Debug|Any CPU
		{D1788B5E-5CF3-4F0D-A9A0-6514FF5486E8}.Release|Any CPU.ActiveCfg = Release|Any CPU
		{D1788B5E-5CF3-4F0D-A9A0-6514FF5486E8}.Release|Any CPU.Build.0 = Release|Any CPU
		{97588A26-1952-466A-8C95-1BF20CF1F0E3}.Debug|Any CPU.ActiveCfg = Debug|Any CPU
		{97588A26-1952-466A-8C95-1BF20CF1F0E3}.Debug|Any CPU.Build.0 = Debug|Any CPU
		{97588A26-1952-466A-8C95-1BF20CF1F0E3}.Release|Any CPU.ActiveCfg = Release|Any CPU
		{97588A26-1952-466A-8C95-1BF20CF1F0E3}.Release|Any CPU.Build.0 = Release|Any CPU
		{4CF2A10C-2C80-43C0-AAA2-F108569102C9}.Debug|Any CPU.ActiveCfg = Debug|Any CPU
		{4CF2A10C-2C80-43C0-AAA2-F108569102C9}.Debug|Any CPU.Build.0 = Debug|Any CPU
		{4CF2A10C-2C80-43C0-AAA2-F108569102C9}.Release|Any CPU.ActiveCfg = Release|Any CPU
		{4CF2A10C-2C80-43C0-AAA2-F108569102C9}.Release|Any CPU.Build.0 = Release|Any CPU
	EndGlobalSection
	GlobalSection(SolutionProperties) = preSolution
		HideSolutionNode = FALSE
	EndGlobalSection
	GlobalSection(NestedProjects) = preSolution
		{B4E9D4E5-310F-4E49-964E-141007CFDCC1} = {4FE50265-AC40-4876-B550-583D3A777B53}
		{88DE2185-9C4E-4727-9A63-51B62A57FB08} = {B4E9D4E5-310F-4E49-964E-141007CFDCC1}
		{BEDD69A7-7C14-4AD4-9215-BE2230FC23A2} = {4FE50265-AC40-4876-B550-583D3A777B53}
		{0AF7D668-CF51-490D-8444-05AF27D05EE4} = {BEDD69A7-7C14-4AD4-9215-BE2230FC23A2}
		{10687B0E-25CE-492E-BE52-E88939C9602F} = {4FE50265-AC40-4876-B550-583D3A777B53}
		{8FC04DAA-F757-4722-84B2-220E5DD01764} = {10687B0E-25CE-492E-BE52-E88939C9602F}
		{05D4E6C2-C375-4409-ABF5-77DFB363F181} = {10687B0E-25CE-492E-BE52-E88939C9602F}
		{BF17B386-9BDE-48FE-9C5E-3BE358B3F0C8} = {4FE50265-AC40-4876-B550-583D3A777B53}
		{AE5A76E2-E78D-428D-A07E-C2FA7BA1D671} = {BF17B386-9BDE-48FE-9C5E-3BE358B3F0C8}
		{9963DBF2-B876-420A-9E18-E203AD5F8887} = {BF17B386-9BDE-48FE-9C5E-3BE358B3F0C8}
		{48D417EA-9D04-462F-891E-EA3773103AB2} = {BF17B386-9BDE-48FE-9C5E-3BE358B3F0C8}
		{D1788B5E-5CF3-4F0D-A9A0-6514FF5486E8} = {BF17B386-9BDE-48FE-9C5E-3BE358B3F0C8}
		{97588A26-1952-466A-8C95-1BF20CF1F0E3} = {3EC08281-AE7C-4039-BC0F-98C5082FD780}
		{4CF2A10C-2C80-43C0-AAA2-F108569102C9} = {436F9874-7E9E-45E8-9559-514289DC8F53}
	EndGlobalSection
	GlobalSection(ExtensibilityGlobals) = postSolution
		SolutionGuid = {6A7664EB-E0E8-4F68-A9D7-B2D617E69B22}
	EndGlobalSection
EndGlobal
